
Microsoft Visual Studio Solution File, Format Version 12.00
# Visual Studio 15
Project("{FAE04EC0-301F-11D3-BF4B-00C04F79EFBC}") = "Assembly-CSharp", "Assembly-CSharp.csproj", "{ED4BAFB2-865F-0341-927D-C031734B387A}"
EndProject
Project("{FAE04EC0-301F-11D3-BF4B-00C04F79EFBC}") = "Assembly-CSharp-Editor", "Assembly-CSharp-Editor.csproj", "{D82E6D6F-1437-E939-E016-6892E9A6EE90}"
EndProject
Project("{2150E333-8FDC-42A3-9474-1A3956D46DE8}") = "Solution Items", "Solution Items", "{0D545334-2205-4FDE-BE40-D957F2C4FF30}"
	ProjectSection(SolutionItems) = preProject
		.editorconfig = .editorconfig
	EndProjectSection
EndProject
Global
	GlobalSection(SolutionConfigurationPlatforms) = preSolution
		Debug|Any CPU = Debug|Any CPU
		Release|Any CPU = Release|Any CPU
	EndGlobalSection
	GlobalSection(ProjectConfigurationPlatforms) = postSolution
		{ED4BAFB2-865F-0341-927D-C031734B387A}.Debug|Any CPU.ActiveCfg = Debug|Any CPU
		{ED4BAFB2-865F-0341-927D-C031734B387A}.Debug|Any CPU.Build.0 = Debug|Any CPU
		{ED4BAFB2-865F-0341-927D-C031734B387A}.Release|Any CPU.ActiveCfg = Release|Any CPU
		{ED4BAFB2-865F-0341-927D-C031734B387A}.Release|Any CPU.Build.0 = Release|Any CPU
		{D82E6D6F-1437-E939-E016-6892E9A6EE90}.Debug|Any CPU.ActiveCfg = Debug|Any CPU
		{D82E6D6F-1437-E939-E016-6892E9A6EE90}.Debug|Any CPU.Build.0 = Debug|Any CPU
		{D82E6D6F-1437-E939-E016-6892E9A6EE90}.Release|Any CPU.ActiveCfg = Release|Any CPU
		{D82E6D6F-1437-E939-E016-6892E9A6EE90}.Release|Any CPU.Build.0 = Release|Any CPU
	EndGlobalSection
	GlobalSection(SolutionProperties) = preSolution
		HideSolutionNode = FALSE
	EndGlobalSection
EndGlobal
